
Microsoft Visual Studio Solution File, Format Version 12.00
# Visual Studio 14
VisualStudioVersion = 14.0.24720.0
MinimumVisualStudioVersion = 10.0.40219.1
Project("{FAE04EC0-301F-11D3-BF4B-00C04F79EFBC}") = "pixiv_downloader", "pixiv_downloader\pixiv_downloader.csproj", "{7B80CAE3-5910-48E8-8E0F-97104D1318F1}"
EndProject
Project("{FAE04EC0-301F-11D3-BF4B-00C04F79EFBC}") = "pixiv_API", "pixiv_API\pixiv_API.csproj", "{7421A19D-CD57-44A7-887C-4AE132E21450}"
EndProject
Global
	GlobalSection(SolutionConfigurationPlatforms) = preSolution
		Debug|Any CPU = Debug|Any CPU
		Release|Any CPU = Release|Any CPU
	EndGlobalSection
	GlobalSection(ProjectConfigurationPlatforms) = postSolution
		{7B80CAE3-5910-48E8-8E0F-97104D1318F1}.Debug|Any CPU.ActiveCfg = Debug|Any CPU
		{7B80CAE3-5910-48E8-8E0F-97104D1318F1}.Debug|Any CPU.Build.0 = Debug|Any CPU
		{7B80CAE3-5910-48E8-8E0F-97104D1318F1}.Release|Any CPU.ActiveCfg = Release|Any CPU
		{7B80CAE3-5910-48E8-8E0F-97104D1318F1}.Release|Any CPU.Build.0 = Release|Any CPU
		{7421A19D-CD57-44A7-887C-4AE132E21450}.Debug|Any CPU.ActiveCfg = Debug|Any CPU
		{7421A19D-CD57-44A7-887C-4AE132E21450}.Debug|Any CPU.Build.0 = Debug|Any CPU
		{7421A19D-CD57-44A7-887C-4AE132E21450}.Release|Any CPU.ActiveCfg = Release|Any CPU
		{7421A19D-CD57-44A7-887C-4AE132E21450}.Release|Any CPU.Build.0 = Release|Any CPU
	EndGlobalSection
	GlobalSection(SolutionProperties) = preSolution
		HideSolutionNode = FALSE
	EndGlobalSection
EndGlobal
